
Microsoft Visual Studio Solution File, Format Version 12.00
# Visual Studio Version 17
VisualStudioVersion = 17.11.35303.130
MinimumVisualStudioVersion = 10.0.40219.1
Project("{FAE04EC0-301F-11D3-BF4B-00C04F79EFBC}") = "BiologySystem", "BiologySystem\BiologySystem.csproj", "{A6ECD989-A114-491A-99E7-52E6487D7BD2}"
EndProject
Global
	GlobalSection(SolutionConfigurationPlatforms) = preSolution
		Debug|Any CPU = Debug|Any CPU
		Release|Any CPU = Release|Any CPU
	EndGlobalSection
	GlobalSection(ProjectConfigurationPlatforms) = postSolution
		{A6ECD989-A114-491A-99E7-52E6487D7BD2}.Debug|Any CPU.ActiveCfg = Debug|Any CPU
		{A6ECD989-A114-491A-99E7-52E6487D7BD2}.Debug|Any CPU.Build.0 = Debug|Any CPU
		{A6ECD989-A114-491A-99E7-52E6487D7BD2}.Release|Any CPU.ActiveCfg = Release|Any CPU
		{A6ECD989-A114-491A-99E7-52E6487D7BD2}.Release|Any CPU.Build.0 = Release|Any CPU
	EndGlobalSection
	GlobalSection(SolutionProperties) = preSolution
		HideSolutionNode = FALSE
	EndGlobalSection
	GlobalSection(ExtensibilityGlobals) = postSolution
		SolutionGuid = {2BA529CF-80D7-4CD2-B407-8DF63246AB9C}
	EndGlobalSection
EndGlobal
